schema: '2.0'
stages:
  training:
    cmd: python scr/training.py --path=params.yaml
    deps:
    - path: data/raw/water_potability.csv
      md5: aafa784ad6c2cd060df038c343956a1d
      size: 525187
    - path: scr/training.py
      md5: 503ae1140ffb4d404e3d4655e2fecd7b
      size: 1667
    params:
      params.yaml:
        paths:
          raw_data: data/raw/water_potability.csv
          model: models/model.pk
          test_data: data/test/test_data.csv
          test_set: data/test/test-set
          train_set: data/train/test-set.csv
          confusion_matrix: report/visual/confusion_matrix.jpg
          roc_curve: report/visual/rocauc_curve.jpg
          metrics: report/metrics/metrics.json
        train:
          seeds: 234
          test_size: 0.2
          imputer: median
          n_split: 10
    outs:
    - path: models/model.pk
      md5: f5ac8b03ac6245957db4dd6eb949ca4e
      size: 7941686
